
Microsoft Visual Studio Solution File, Format Version 12.00
# Visual Studio Version 16
VisualStudioVersion = 16.0.29709.97
MinimumVisualStudioVersion = 10.0.40219.1
Project("{FAE04EC0-301F-11D3-BF4B-00C04F79EFBC}") = "lsmWeb_React_APP", "lsmWeb_React_APP\lsmWeb_React_APP.csproj", "{8E91AEFD-C4F3-47D2-AEFE-5495B000E2CD}"
EndProject
Global
	GlobalSection(SolutionConfigurationPlatforms) = preSolution
		Debug|Any CPU = Debug|Any CPU
		Release|Any CPU = Release|Any CPU
	EndGlobalSection
	GlobalSection(ProjectConfigurationPlatforms) = postSolution
		{8E91AEFD-C4F3-47D2-AEFE-5495B000E2CD}.Debug|Any CPU.ActiveCfg = Debug|Any CPU
		{8E91AEFD-C4F3-47D2-AEFE-5495B000E2CD}.Debug|Any CPU.Build.0 = Debug|Any CPU
		{8E91AEFD-C4F3-47D2-AEFE-5495B000E2CD}.Release|Any CPU.ActiveCfg = Release|Any CPU
		{8E91AEFD-C4F3-47D2-AEFE-5495B000E2CD}.Release|Any CPU.Build.0 = Release|Any CPU
	EndGlobalSection
	GlobalSection(SolutionProperties) = preSolution
		HideSolutionNode = FALSE
	EndGlobalSection
	GlobalSection(ExtensibilityGlobals) = postSolution
		SolutionGuid = {DA0C7E48-701A-42B0-994C-12AA563AEEA5}
	EndGlobalSection
EndGlobal
